
Microsoft Visual Studio Solution File, Format Version 12.00
# Visual Studio Version 17
VisualStudioVersion = 17.10.35122.118
MinimumVisualStudioVersion = 10.0.40219.1
Project("{FAE04EC0-301F-11D3-BF4B-00C04F79EFBC}") = "inventorybackend", "inventorybackend\inventorybackend.csproj", "{C35B4706-DC7D-444D-9CD8-AFB365F0759A}"
EndProject
Global
	GlobalSection(SolutionConfigurationPlatforms) = preSolution
		Debug|Any CPU = Debug|Any CPU
		Release|Any CPU = Release|Any CPU
	EndGlobalSection
	GlobalSection(ProjectConfigurationPlatforms) = postSolution
		{C35B4706-DC7D-444D-9CD8-AFB365F0759A}.Debug|Any CPU.ActiveCfg = Debug|Any CPU
		{C35B4706-DC7D-444D-9CD8-AFB365F0759A}.Debug|Any CPU.Build.0 = Debug|Any CPU
		{C35B4706-DC7D-444D-9CD8-AFB365F0759A}.Release|Any CPU.ActiveCfg = Release|Any CPU
		{C35B4706-DC7D-444D-9CD8-AFB365F0759A}.Release|Any CPU.Build.0 = Release|Any CPU
	EndGlobalSection
	GlobalSection(SolutionProperties) = preSolution
		HideSolutionNode = FALSE
	EndGlobalSection
	GlobalSection(ExtensibilityGlobals) = postSolution
		SolutionGuid = {84DF3946-2CB1-42AA-8CF5-DC816129B304}
	EndGlobalSection
EndGlobal
